
Microsoft Visual Studio Solution File, Format Version 12.00
# Visual Studio Version 17
VisualStudioVersion = 17.8.34525.116
MinimumVisualStudioVersion = 10.0.40219.1
Project("{FAE04EC0-301F-11D3-BF4B-00C04F79EFBC}") = "DCS.User", "DCS.User\DCS.User.csproj", "{03409F8D-D061-46C7-BF50-2D0EC8A0C2B9}"
EndProject
Project("{FAE04EC0-301F-11D3-BF4B-00C04F79EFBC}") = "DCS.User.Service", "DCS.User.Service\DCS.User.Service.csproj", "{B28D9A92-5043-4506-BD1B-39B655468F52}"
	ProjectSection(ProjectDependencies) = postProject
		{20E29E27-7C76-4FBC-8F6D-E17CAAA53038} = {20E29E27-7C76-4FBC-8F6D-E17CAAA53038}
	EndProjectSection
EndProject
Project("{FAE04EC0-301F-11D3-BF4B-00C04F79EFBC}") = "DCS.User.UI", "DCS.User.UI\DCS.User.UI.csproj", "{0CB90033-1BC7-4F75-AFFE-CEBB629C22CA}"
EndProject
Project("{FAE04EC0-301F-11D3-BF4B-00C04F79EFBC}") = "DCS.User.Data", "DCS.User.Data\DCS.User.Data.csproj", "{20E29E27-7C76-4FBC-8F6D-E17CAAA53038}"
	ProjectSection(ProjectDependencies) = postProject
		{03409F8D-D061-46C7-BF50-2D0EC8A0C2B9} = {03409F8D-D061-46C7-BF50-2D0EC8A0C2B9}
	EndProjectSection
EndProject
Global
	GlobalSection(SolutionConfigurationPlatforms) = preSolution
		Debug|Any CPU = Debug|Any CPU
		Release|Any CPU = Release|Any CPU
	EndGlobalSection
	GlobalSection(ProjectConfigurationPlatforms) = postSolution
		{03409F8D-D061-46C7-BF50-2D0EC8A0C2B9}.Debug|Any CPU.ActiveCfg = Debug|Any CPU
		{03409F8D-D061-46C7-BF50-2D0EC8A0C2B9}.Debug|Any CPU.Build.0 = Debug|Any CPU
		{03409F8D-D061-46C7-BF50-2D0EC8A0C2B9}.Release|Any CPU.ActiveCfg = Release|Any CPU
		{03409F8D-D061-46C7-BF50-2D0EC8A0C2B9}.Release|Any CPU.Build.0 = Release|Any CPU
		{B28D9A92-5043-4506-BD1B-39B655468F52}.Debug|Any CPU.ActiveCfg = Debug|Any CPU
		{B28D9A92-5043-4506-BD1B-39B655468F52}.Debug|Any CPU.Build.0 = Debug|Any CPU
		{B28D9A92-5043-4506-BD1B-39B655468F52}.Release|Any CPU.ActiveCfg = Release|Any CPU
		{B28D9A92-5043-4506-BD1B-39B655468F52}.Release|Any CPU.Build.0 = Release|Any CPU
		{0CB90033-1BC7-4F75-AFFE-CEBB629C22CA}.Debug|Any CPU.ActiveCfg = Debug|Any CPU
		{0CB90033-1BC7-4F75-AFFE-CEBB629C22CA}.Debug|Any CPU.Build.0 = Debug|Any CPU
		{0CB90033-1BC7-4F75-AFFE-CEBB629C22CA}.Release|Any CPU.ActiveCfg = Release|Any CPU
		{0CB90033-1BC7-4F75-AFFE-CEBB629C22CA}.Release|Any CPU.Build.0 = Release|Any CPU
		{20E29E27-7C76-4FBC-8F6D-E17CAAA53038}.Debug|Any CPU.ActiveCfg = Debug|Any CPU
		{20E29E27-7C76-4FBC-8F6D-E17CAAA53038}.Debug|Any CPU.Build.0 = Debug|Any CPU
		{20E29E27-7C76-4FBC-8F6D-E17CAAA53038}.Release|Any CPU.ActiveCfg = Release|Any CPU
		{20E29E27-7C76-4FBC-8F6D-E17CAAA53038}.Release|Any CPU.Build.0 = Release|Any CPU
	EndGlobalSection
	GlobalSection(SolutionProperties) = preSolution
		HideSolutionNode = FALSE
	EndGlobalSection
	GlobalSection(ExtensibilityGlobals) = postSolution
		SolutionGuid = {0E9691E4-5031-44EA-8911-62E26B8B7A31}
	EndGlobalSection
EndGlobal
